
Microsoft Visual Studio Solution File, Format Version 12.00
# Visual Studio Version 17
VisualStudioVersion = 17.5.33530.505
MinimumVisualStudioVersion = 10.0.40219.1
Project("{FAE04EC0-301F-11D3-BF4B-00C04F79EFBC}") = "Kelime_Mixer_WinForm", "Kelime_Mixer_WinForm\Kelime_Mixer_WinForm.csproj", "{991C0A14-1B28-4D11-A6BE-07A291FBFE1C}"
EndProject
Global
	GlobalSection(SolutionConfigurationPlatforms) = preSolution
		Debug|Any CPU = Debug|Any CPU
		Release|Any CPU = Release|Any CPU
	EndGlobalSection
	GlobalSection(ProjectConfigurationPlatforms) = postSolution
		{991C0A14-1B28-4D11-A6BE-07A291FBFE1C}.Debug|Any CPU.ActiveCfg = Debug|Any CPU
		{991C0A14-1B28-4D11-A6BE-07A291FBFE1C}.Debug|Any CPU.Build.0 = Debug|Any CPU
		{991C0A14-1B28-4D11-A6BE-07A291FBFE1C}.Release|Any CPU.ActiveCfg = Release|Any CPU
		{991C0A14-1B28-4D11-A6BE-07A291FBFE1C}.Release|Any CPU.Build.0 = Release|Any CPU
	EndGlobalSection
	GlobalSection(SolutionProperties) = preSolution
		HideSolutionNode = FALSE
	EndGlobalSection
	GlobalSection(ExtensibilityGlobals) = postSolution
		SolutionGuid = {4D9236D7-614E-45B6-B9C5-27043F67B1C1}
	EndGlobalSection
EndGlobal
